
Microsoft Visual Studio Solution File, Format Version 12.00
# Visual Studio Version 17
VisualStudioVersion = 17.9.34622.214
MinimumVisualStudioVersion = 10.0.40219.1
Project("{9A19103F-16F7-4668-BE54-9A1E7A4F7556}") = "WebApp", "WebApp\WebApp.csproj", "{0982329B-7782-4CCC-AC36-DF2093DC1C6A}"
EndProject
Project("{9A19103F-16F7-4668-BE54-9A1E7A4F7556}") = "Infrastructure", "Infrastructure\Infrastructure.csproj", "{85A6CFF8-6D13-4B5B-A36A-2F55F9059F32}"
EndProject
Project("{FAE04EC0-301F-11D3-BF4B-00C04F79EFBC}") = "WebApi", "WebApi\WebApi.csproj", "{CDEA145B-BB58-41EC-8C5E-24126394938C}"
EndProject
Global
	GlobalSection(SolutionConfigurationPlatforms) = preSolution
		Debug|Any CPU = Debug|Any CPU
		Release|Any CPU = Release|Any CPU
	EndGlobalSection
	GlobalSection(ProjectConfigurationPlatforms) = postSolution
		{0982329B-7782-4CCC-AC36-DF2093DC1C6A}.Debug|Any CPU.ActiveCfg = Debug|Any CPU
		{0982329B-7782-4CCC-AC36-DF2093DC1C6A}.Debug|Any CPU.Build.0 = Debug|Any CPU
		{0982329B-7782-4CCC-AC36-DF2093DC1C6A}.Release|Any CPU.ActiveCfg = Release|Any CPU
		{0982329B-7782-4CCC-AC36-DF2093DC1C6A}.Release|Any CPU.Build.0 = Release|Any CPU
		{85A6CFF8-6D13-4B5B-A36A-2F55F9059F32}.Debug|Any CPU.ActiveCfg = Debug|Any CPU
		{85A6CFF8-6D13-4B5B-A36A-2F55F9059F32}.Debug|Any CPU.Build.0 = Debug|Any CPU
		{85A6CFF8-6D13-4B5B-A36A-2F55F9059F32}.Release|Any CPU.ActiveCfg = Release|Any CPU
		{85A6CFF8-6D13-4B5B-A36A-2F55F9059F32}.Release|Any CPU.Build.0 = Release|Any CPU
		{CDEA145B-BB58-41EC-8C5E-24126394938C}.Debug|Any CPU.ActiveCfg = Debug|Any CPU
		{CDEA145B-BB58-41EC-8C5E-24126394938C}.Debug|Any CPU.Build.0 = Debug|Any CPU
		{CDEA145B-BB58-41EC-8C5E-24126394938C}.Release|Any CPU.ActiveCfg = Release|Any CPU
		{CDEA145B-BB58-41EC-8C5E-24126394938C}.Release|Any CPU.Build.0 = Release|Any CPU
	EndGlobalSection
	GlobalSection(SolutionProperties) = preSolution
		HideSolutionNode = FALSE
	EndGlobalSection
	GlobalSection(ExtensibilityGlobals) = postSolution
		SolutionGuid = {AFD9767D-EF05-4982-8486-467BA2AA004E}
	EndGlobalSection
EndGlobal
